
Microsoft Visual Studio Solution File, Format Version 12.00
# Visual Studio Version 17
VisualStudioVersion = 17.9.34622.214
MinimumVisualStudioVersion = 10.0.40219.1
Project("{9A19103F-16F7-4668-BE54-9A1E7A4F7556}") = "PasswordValidatorBL_DLL", "PasswordValidatorBL_DLL\PasswordValidatorBL_DLL.csproj", "{A9CD6822-8545-4945-8D9A-A84ECEB3DAC6}"
EndProject
Project("{9A19103F-16F7-4668-BE54-9A1E7A4F7556}") = "PasswordValidatorDAL_DLL", "PasswordValidatorDAL_DLL\PasswordValidatorDAL_DLL.csproj", "{B96C2CCD-73E8-4B05-999B-D4F19911A5F8}"
EndProject
Project("{9A19103F-16F7-4668-BE54-9A1E7A4F7556}") = "PasswordValidatorLayerAPI", "PasswordValidatorLayerAPI\PasswordValidatorLayerAPI.csproj", "{B739A9B4-FC87-4C2C-BB81-14434436EF21}"
EndProject
Global
	GlobalSection(SolutionConfigurationPlatforms) = preSolution
		Debug|Any CPU = Debug|Any CPU
		Release|Any CPU = Release|Any CPU
	EndGlobalSection
	GlobalSection(ProjectConfigurationPlatforms) = postSolution
		{A9CD6822-8545-4945-8D9A-A84ECEB3DAC6}.Debug|Any CPU.ActiveCfg = Debug|Any CPU
		{A9CD6822-8545-4945-8D9A-A84ECEB3DAC6}.Debug|Any CPU.Build.0 = Debug|Any CPU
		{A9CD6822-8545-4945-8D9A-A84ECEB3DAC6}.Release|Any CPU.ActiveCfg = Release|Any CPU
		{A9CD6822-8545-4945-8D9A-A84ECEB3DAC6}.Release|Any CPU.Build.0 = Release|Any CPU
		{B96C2CCD-73E8-4B05-999B-D4F19911A5F8}.Debug|Any CPU.ActiveCfg = Debug|Any CPU
		{B96C2CCD-73E8-4B05-999B-D4F19911A5F8}.Debug|Any CPU.Build.0 = Debug|Any CPU
		{B96C2CCD-73E8-4B05-999B-D4F19911A5F8}.Release|Any CPU.ActiveCfg = Release|Any CPU
		{B96C2CCD-73E8-4B05-999B-D4F19911A5F8}.Release|Any CPU.Build.0 = Release|Any CPU
		{B739A9B4-FC87-4C2C-BB81-14434436EF21}.Debug|Any CPU.ActiveCfg = Debug|Any CPU
		{B739A9B4-FC87-4C2C-BB81-14434436EF21}.Debug|Any CPU.Build.0 = Debug|Any CPU
		{B739A9B4-FC87-4C2C-BB81-14434436EF21}.Release|Any CPU.ActiveCfg = Release|Any CPU
		{B739A9B4-FC87-4C2C-BB81-14434436EF21}.Release|Any CPU.Build.0 = Release|Any CPU
	EndGlobalSection
	GlobalSection(SolutionProperties) = preSolution
		HideSolutionNode = FALSE
	EndGlobalSection
	GlobalSection(ExtensibilityGlobals) = postSolution
		SolutionGuid = {7C8AD757-19EA-47F0-9544-56FD2B6BFAC6}
	EndGlobalSection
EndGlobal
